Microsoft Visual Studio Solution File, Format Version 10.00
# Visual Studio 2008
Project("{8BC9CEB8-8B4A-11D0-8D11-00A0C91BC942}") = "DungeonServer", "DungeonServer.vcproj", "{628B7382-2F78-4FA5-B92C-56E1F0FC1AD6}"
	ProjectSection(ProjectDependencies) = postProject
		{F8A9E857-2C61-41E5-BF83-158CAAF1D702} = {F8A9E857-2C61-41E5-BF83-158CAAF1D702}
	EndProjectSection
EndProject
Project("{8BC9CEB8-8B4A-11D0-8D11-00A0C91BC942}") = "BaseLibrary", "..\BaseLibrary\BaseLibrary.vcproj", "{F8A9E857-2C61-41E5-BF83-158CAAF1D702}"
EndProject
Global
	GlobalSection(SolutionConfigurationPlatforms) = preSolution
		CHINA_LOCALIZING|Win32 = CHINA_LOCALIZING|Win32
		DEBUG_TAIWAN_INTERNAL_DEVELOP_VERSION|Win32 = DEBUG_TAIWAN_INTERNAL_DEVELOP_VERSION|Win32
		Debug_with_New_Command|Win32 = Debug_with_New_Command|Win32
		Debug|Win32 = Debug|Win32
		DebugMFC|Win32 = DebugMFC|Win32
		DebugS|Win32 = DebugS|Win32
		DebugSingle|Win32 = DebugSingle|Win32
		Dev|Win32 = Dev|Win32
		JAPAN_LOCALIZING|Win32 = JAPAN_LOCALIZING|Win32
		Release|Win32 = Release|Win32
		ReleaseMFC|Win32 = ReleaseMFC|Win32
		ReleaseS|Win32 = ReleaseS|Win32
		ReleaseSingle|Win32 = ReleaseSingle|Win32
		TAIWAN_LOCALIZING|Win32 = TAIWAN_LOCALIZING|Win32
	EndGlobalSection
	GlobalSection(ProjectConfigurationPlatforms) = postSolution
		{628B7382-2F78-4FA5-B92C-56E1F0FC1AD6}.CHINA_LOCALIZING|Win32.ActiveCfg = CHINA_LOCALIZING|Win32
		{628B7382-2F78-4FA5-B92C-56E1F0FC1AD6}.CHINA_LOCALIZING|Win32.Build.0 = CHINA_LOCALIZING|Win32
		{628B7382-2F78-4FA5-B92C-56E1F0FC1AD6}.DEBUG_TAIWAN_INTERNAL_DEVELOP_VERSION|Win32.ActiveCfg = DEBUG_TAIWAN_INTERNAL_DEVELOP_VERSION|Win32
		{628B7382-2F78-4FA5-B92C-56E1F0FC1AD6}.DEBUG_TAIWAN_INTERNAL_DEVELOP_VERSION|Win32.Build.0 = DEBUG_TAIWAN_INTERNAL_DEVELOP_VERSION|Win32
		{628B7382-2F78-4FA5-B92C-56E1F0FC1AD6}.Debug_with_New_Command|Win32.ActiveCfg = Debug_with_New_Command|Win32
		{628B7382-2F78-4FA5-B92C-56E1F0FC1AD6}.Debug_with_New_Command|Win32.Build.0 = Debug_with_New_Command|Win32
		{628B7382-2F78-4FA5-B92C-56E1F0FC1AD6}.Debug|Win32.ActiveCfg = Debug|Win32
		{628B7382-2F78-4FA5-B92C-56E1F0FC1AD6}.Debug|Win32.Build.0 = Debug|Win32
		{628B7382-2F78-4FA5-B92C-56E1F0FC1AD6}.DebugMFC|Win32.ActiveCfg = Debug|Win32
		{628B7382-2F78-4FA5-B92C-56E1F0FC1AD6}.DebugMFC|Win32.Build.0 = Debug|Win32
		{628B7382-2F78-4FA5-B92C-56E1F0FC1AD6}.DebugS|Win32.ActiveCfg = Debug|Win32
		{628B7382-2F78-4FA5-B92C-56E1F0FC1AD6}.DebugS|Win32.Build.0 = Debug|Win32
		{628B7382-2F78-4FA5-B92C-56E1F0FC1AD6}.DebugSingle|Win32.ActiveCfg = Debug|Win32
		{628B7382-2F78-4FA5-B92C-56E1F0FC1AD6}.DebugSingle|Win32.Build.0 = Debug|Win32
		{628B7382-2F78-4FA5-B92C-56E1F0FC1AD6}.Dev|Win32.ActiveCfg = Dev|Win32
		{628B7382-2F78-4FA5-B92C-56E1F0FC1AD6}.Dev|Win32.Build.0 = Dev|Win32
		{628B7382-2F78-4FA5-B92C-56E1F0FC1AD6}.JAPAN_LOCALIZING|Win32.ActiveCfg = JAPAN_LOCALIZING|Win32
		{628B7382-2F78-4FA5-B92C-56E1F0FC1AD6}.JAPAN_LOCALIZING|Win32.Build.0 = JAPAN_LOCALIZING|Win32
		{628B7382-2F78-4FA5-B92C-56E1F0FC1AD6}.Release|Win32.ActiveCfg = Release|Win32
		{628B7382-2F78-4FA5-B92C-56E1F0FC1AD6}.Release|Win32.Build.0 = Release|Win32
		{628B7382-2F78-4FA5-B92C-56E1F0FC1AD6}.ReleaseMFC|Win32.ActiveCfg = Release|Win32
		{628B7382-2F78-4FA5-B92C-56E1F0FC1AD6}.ReleaseMFC|Win32.Build.0 = Release|Win32
		{628B7382-2F78-4FA5-B92C-56E1F0FC1AD6}.ReleaseS|Win32.ActiveCfg = Release|Win32
		{628B7382-2F78-4FA5-B92C-56E1F0FC1AD6}.ReleaseS|Win32.Build.0 = Release|Win32
		{628B7382-2F78-4FA5-B92C-56E1F0FC1AD6}.ReleaseSingle|Win32.ActiveCfg = Release|Win32
		{628B7382-2F78-4FA5-B92C-56E1F0FC1AD6}.ReleaseSingle|Win32.Build.0 = Release|Win32
		{628B7382-2F78-4FA5-B92C-56E1F0FC1AD6}.TAIWAN_LOCALIZING|Win32.ActiveCfg = TAIWAN_LOCALIZING|Win32
		{628B7382-2F78-4FA5-B92C-56E1F0FC1AD6}.TAIWAN_LOCALIZING|Win32.Build.0 = TAIWAN_LOCALIZING|Win32
		{F8A9E857-2C61-41E5-BF83-158CAAF1D702}.CHINA_LOCALIZING|Win32.ActiveCfg = Debug|Win32
		{F8A9E857-2C61-41E5-BF83-158CAAF1D702}.CHINA_LOCALIZING|Win32.Build.0 = Debug|Win32
		{F8A9E857-2C61-41E5-BF83-158CAAF1D702}.DEBUG_TAIWAN_INTERNAL_DEVELOP_VERSION|Win32.ActiveCfg = DEBUG_TAIWAN_INTERNAL_DEVELOP_VERSION|Win32
		{F8A9E857-2C61-41E5-BF83-158CAAF1D702}.DEBUG_TAIWAN_INTERNAL_DEVELOP_VERSION|Win32.Build.0 = DEBUG_TAIWAN_INTERNAL_DEVELOP_VERSION|Win32
		{F8A9E857-2C61-41E5-BF83-158CAAF1D702}.Debug_with_New_Command|Win32.ActiveCfg = DEBUG_TAIWAN_INTERNAL_DEVELOP_VERSION|Win32
		{F8A9E857-2C61-41E5-BF83-158CAAF1D702}.Debug_with_New_Command|Win32.Build.0 = DEBUG_TAIWAN_INTERNAL_DEVELOP_VERSION|Win32
		{F8A9E857-2C61-41E5-BF83-158CAAF1D702}.Debug|Win32.ActiveCfg = Debug|Win32
		{F8A9E857-2C61-41E5-BF83-158CAAF1D702}.Debug|Win32.Build.0 = Debug|Win32
		{F8A9E857-2C61-41E5-BF83-158CAAF1D702}.DebugMFC|Win32.ActiveCfg = DebugMFC|Win32
		{F8A9E857-2C61-41E5-BF83-158CAAF1D702}.DebugMFC|Win32.Build.0 = DebugMFC|Win32
		{F8A9E857-2C61-41E5-BF83-158CAAF1D702}.DebugS|Win32.ActiveCfg = DebugS|Win32
		{F8A9E857-2C61-41E5-BF83-158CAAF1D702}.DebugS|Win32.Build.0 = DebugS|Win32
		{F8A9E857-2C61-41E5-BF83-158CAAF1D702}.DebugSingle|Win32.ActiveCfg = DebugSingle|Win32
		{F8A9E857-2C61-41E5-BF83-158CAAF1D702}.DebugSingle|Win32.Build.0 = DebugSingle|Win32
		{F8A9E857-2C61-41E5-BF83-158CAAF1D702}.Dev|Win32.ActiveCfg = DEBUG_TAIWAN_INTERNAL_DEVELOP_VERSION|Win32
		{F8A9E857-2C61-41E5-BF83-158CAAF1D702}.Dev|Win32.Build.0 = DEBUG_TAIWAN_INTERNAL_DEVELOP_VERSION|Win32
		{F8A9E857-2C61-41E5-BF83-158CAAF1D702}.JAPAN_LOCALIZING|Win32.ActiveCfg = Debug|Win32
		{F8A9E857-2C61-41E5-BF83-158CAAF1D702}.JAPAN_LOCALIZING|Win32.Build.0 = Debug|Win32
		{F8A9E857-2C61-41E5-BF83-158CAAF1D702}.Release|Win32.ActiveCfg = Release|Win32
		{F8A9E857-2C61-41E5-BF83-158CAAF1D702}.Release|Win32.Build.0 = Release|Win32
		{F8A9E857-2C61-41E5-BF83-158CAAF1D702}.ReleaseMFC|Win32.ActiveCfg = ReleaseMFC|Win32
		{F8A9E857-2C61-41E5-BF83-158CAAF1D702}.ReleaseMFC|Win32.Build.0 = ReleaseMFC|Win32
		{F8A9E857-2C61-41E5-BF83-158CAAF1D702}.ReleaseS|Win32.ActiveCfg = ReleaseS|Win32
		{F8A9E857-2C61-41E5-BF83-158CAAF1D702}.ReleaseS|Win32.Build.0 = ReleaseS|Win32
		{F8A9E857-2C61-41E5-BF83-158CAAF1D702}.ReleaseSingle|Win32.ActiveCfg = ReleaseSingle|Win32
		{F8A9E857-2C61-41E5-BF83-158CAAF1D702}.ReleaseSingle|Win32.Build.0 = ReleaseSingle|Win32
		{F8A9E857-2C61-41E5-BF83-158CAAF1D702}.TAIWAN_LOCALIZING|Win32.ActiveCfg = Debug|Win32
		{F8A9E857-2C61-41E5-BF83-158CAAF1D702}.TAIWAN_LOCALIZING|Win32.Build.0 = Debug|Win32
	EndGlobalSection
	GlobalSection(SolutionProperties) = preSolution
		HideSolutionNode = FALSE
	EndGlobalSection
	GlobalSection(DPCodeReviewSolutionGUID) = preSolution
		DPCodeReviewSolutionGUID = {00000000-0000-0000-0000-000000000000}
	EndGlobalSection
EndGlobal
