Microsoft Visual Studio Solution File, Format Version 10.00
# Visual Studio 2008
Project("{8BC9CEB8-8B4A-11D0-8D11-00A0C91BC942}") = "WorldServer", "WorldServer.vcproj", "{15B98713-613E-4198-BC91-D6812829C304}"
EndProject
Global
	GlobalSection(SolutionConfigurationPlatforms) = preSolution
		CHINA_BILLING|Win32 = CHINA_BILLING|Win32
		CHINA_LOCALIZING|Win32 = CHINA_LOCALIZING|Win32
		CHINA_TEST_BILLING|Win32 = CHINA_TEST_BILLING|Win32
		Debug_with_NEW_COMMAND|Win32 = Debug_with_NEW_COMMAND|Win32
		Debug|Win32 = Debug|Win32
		JAPAN_LOCALIZING|Win32 = JAPAN_LOCALIZING|Win32
		Release|Win32 = Release|Win32
		TAIWAN_LOCALIZING|Win32 = TAIWAN_LOCALIZING|Win32
	EndGlobalSection
	GlobalSection(ProjectConfigurationPlatforms) = postSolution
		{15B98713-613E-4198-BC91-D6812829C304}.CHINA_BILLING|Win32.ActiveCfg = CHINA_BILLING|Win32
		{15B98713-613E-4198-BC91-D6812829C304}.CHINA_BILLING|Win32.Build.0 = CHINA_BILLING|Win32
		{15B98713-613E-4198-BC91-D6812829C304}.CHINA_LOCALIZING|Win32.ActiveCfg = CHINA_LOCALIZING|Win32
		{15B98713-613E-4198-BC91-D6812829C304}.CHINA_LOCALIZING|Win32.Build.0 = CHINA_LOCALIZING|Win32
		{15B98713-613E-4198-BC91-D6812829C304}.CHINA_TEST_BILLING|Win32.ActiveCfg = CHINA_TEST_BILLING|Win32
		{15B98713-613E-4198-BC91-D6812829C304}.CHINA_TEST_BILLING|Win32.Build.0 = CHINA_TEST_BILLING|Win32
		{15B98713-613E-4198-BC91-D6812829C304}.Debug_with_NEW_COMMAND|Win32.ActiveCfg = Debug_with_NEW_COMMAND|Win32
		{15B98713-613E-4198-BC91-D6812829C304}.Debug_with_NEW_COMMAND|Win32.Build.0 = Debug_with_NEW_COMMAND|Win32
		{15B98713-613E-4198-BC91-D6812829C304}.Debug|Win32.ActiveCfg = Debug|Win32
		{15B98713-613E-4198-BC91-D6812829C304}.Debug|Win32.Build.0 = Debug|Win32
		{15B98713-613E-4198-BC91-D6812829C304}.JAPAN_LOCALIZING|Win32.ActiveCfg = JAPAN_LOCALIZING|Win32
		{15B98713-613E-4198-BC91-D6812829C304}.JAPAN_LOCALIZING|Win32.Build.0 = JAPAN_LOCALIZING|Win32
		{15B98713-613E-4198-BC91-D6812829C304}.Release|Win32.ActiveCfg = Release|Win32
		{15B98713-613E-4198-BC91-D6812829C304}.Release|Win32.Build.0 = Release|Win32
		{15B98713-613E-4198-BC91-D6812829C304}.TAIWAN_LOCALIZING|Win32.ActiveCfg = TAIWAN_LOCALIZING|Win32
		{15B98713-613E-4198-BC91-D6812829C304}.TAIWAN_LOCALIZING|Win32.Build.0 = TAIWAN_LOCALIZING|Win32
	EndGlobalSection
	GlobalSection(SolutionProperties) = preSolution
		HideSolutionNode = FALSE
	EndGlobalSection
	GlobalSection(DPCodeReviewSolutionGUID) = preSolution
		DPCodeReviewSolutionGUID = {00000000-0000-0000-0000-000000000000}
	EndGlobalSection
EndGlobal
