Microsoft Visual Studio Solution File, Format Version 8.00
Project("{8BC9CEB8-8B4A-11D0-8D11-00A0C91BC942}") = "CommonServer", "CommonServer.vcproj", "{3EF88DED-E444-4DE6-A2B1-C29AD1E6128B}"
	ProjectSection(ProjectDependencies) = postProject
	EndProjectSection
EndProject
Global
	GlobalSection(SourceCodeControl) = preSolution
		SccNumberOfProjects = 1
		SccProjectUniqueName0 = CommonServer.vcproj
		SccProjectName0 = \u0022$/Develop/CommonServer\u0022,\u0020OEPAAAAA
		SccLocalPath0 = .
		SccProvider0 = MSSCCI:Microsoft\u0020Visual\u0020SourceSafe
	EndGlobalSection
	GlobalSection(SolutionConfiguration) = preSolution
		CHINA_LOCALIZING_DBG = CHINA_LOCALIZING_DBG
		CHINA_LOCALIZING_RRS = CHINA_LOCALIZING_RRS
		Debug = Debug
		dev = dev
		Engine Test = Engine Test
		JAPAN_LOCALIZING_DBG = JAPAN_LOCALIZING_DBG
		JAPAN_LOCALIZING_RRS = JAPAN_LOCALIZING_RRS
		Release = Release
		TAIWAN_LOCALIZING_DBG = TAIWAN_LOCALIZING_DBG
		TAIWAN_LOCALIZING_RRS = TAIWAN_LOCALIZING_RRS
	EndGlobalSection
	GlobalSection(ProjectConfiguration) = postSolution
		{3EF88DED-E444-4DE6-A2B1-C29AD1E6128B}.CHINA_LOCALIZING_DBG.ActiveCfg = CHINA_LOCALIZING_DBG|Win32
		{3EF88DED-E444-4DE6-A2B1-C29AD1E6128B}.CHINA_LOCALIZING_DBG.Build.0 = CHINA_LOCALIZING_DBG|Win32
		{3EF88DED-E444-4DE6-A2B1-C29AD1E6128B}.CHINA_LOCALIZING_RRS.ActiveCfg = CHINA_LOCALIZING_RRS|Win32
		{3EF88DED-E444-4DE6-A2B1-C29AD1E6128B}.CHINA_LOCALIZING_RRS.Build.0 = CHINA_LOCALIZING_RRS|Win32
		{3EF88DED-E444-4DE6-A2B1-C29AD1E6128B}.Debug.ActiveCfg = Debug|Win32
		{3EF88DED-E444-4DE6-A2B1-C29AD1E6128B}.Debug.Build.0 = Debug|Win32
		{3EF88DED-E444-4DE6-A2B1-C29AD1E6128B}.dev.ActiveCfg = dev|Win32
		{3EF88DED-E444-4DE6-A2B1-C29AD1E6128B}.dev.Build.0 = dev|Win32
		{3EF88DED-E444-4DE6-A2B1-C29AD1E6128B}.Engine Test.ActiveCfg = Engine Test|Win32
		{3EF88DED-E444-4DE6-A2B1-C29AD1E6128B}.Engine Test.Build.0 = Engine Test|Win32
		{3EF88DED-E444-4DE6-A2B1-C29AD1E6128B}.JAPAN_LOCALIZING_DBG.ActiveCfg = JAPAN_LOCALIZING_DBG|Win32
		{3EF88DED-E444-4DE6-A2B1-C29AD1E6128B}.JAPAN_LOCALIZING_DBG.Build.0 = JAPAN_LOCALIZING_DBG|Win32
		{3EF88DED-E444-4DE6-A2B1-C29AD1E6128B}.JAPAN_LOCALIZING_RRS.ActiveCfg = JAPAN_LOCALIZING_RRS|Win32
		{3EF88DED-E444-4DE6-A2B1-C29AD1E6128B}.JAPAN_LOCALIZING_RRS.Build.0 = JAPAN_LOCALIZING_RRS|Win32
		{3EF88DED-E444-4DE6-A2B1-C29AD1E6128B}.Release.ActiveCfg = Release|Win32
		{3EF88DED-E444-4DE6-A2B1-C29AD1E6128B}.Release.Build.0 = Release|Win32
		{3EF88DED-E444-4DE6-A2B1-C29AD1E6128B}.TAIWAN_LOCALIZING_DBG.ActiveCfg = TAIWAN_LOCALIZING_DBG|Win32
		{3EF88DED-E444-4DE6-A2B1-C29AD1E6128B}.TAIWAN_LOCALIZING_DBG.Build.0 = TAIWAN_LOCALIZING_DBG|Win32
		{3EF88DED-E444-4DE6-A2B1-C29AD1E6128B}.TAIWAN_LOCALIZING_RRS.ActiveCfg = TAIWAN_LOCALIZING_RRS|Win32
		{3EF88DED-E444-4DE6-A2B1-C29AD1E6128B}.TAIWAN_LOCALIZING_RRS.Build.0 = TAIWAN_LOCALIZING_RRS|Win32
	EndGlobalSection
	GlobalSection(ExtensibilityGlobals) = postSolution
	EndGlobalSection
	GlobalSection(ExtensibilityAddIns) = postSolution
	EndGlobalSection
EndGlobal
